{
  "version": 4,
  "terraform_version": "1.11.4",
  "serial": 99,
  "lineage": "c479ae13-e190-33ab-ea9f-fb6f977694be",
  "outputs": {
    "공인IP": {
      "value": "211.183.3.64",
      "type": "string"
    }
  },
  "resources": [
    {
      "mode": "managed",
      "type": "openstack_compute_floatingip_associate_v2",
      "name": "fip_1",
      "provider": "provider[\"registry.terraform.io/terraform-provider-openstack/openstack\"]",
      "instances": [
        {
          "schema_version": 0,
          "attributes": {
            "fixed_ip": "172.16.1.113",
            "floating_ip": "211.183.3.64",
            "id": "211.183.3.64/69cc27e0-e425-403e-a119-81ff3a657c22/172.16.1.113",
            "instance_id": "69cc27e0-e425-403e-a119-81ff3a657c22",
            "region": "RegionOne",
            "timeouts": null,
            "wait_until_associated": null
          },
          "sensitive_attributes": [],
          "private": "eyJlMmJmYjczMC1lY2FhLTExZTYtOGY4OC0zNDM2M2JjN2M0YzAiOnsiY3JlYXRlIjo2MDAwMDAwMDAwMDB9fQ==",
          "dependencies": [
            "openstack_compute_instance_v2.basic",
            "openstack_compute_keypair_v2.keypair2",
            "openstack_networking_floatingip_v2.fip_1",
            "openstack_networking_secgroup_v2.cirros_sg"
          ]
        }
      ]
    },
    {
      "mode": "managed",
      "type": "openstack_compute_instance_v2",
      "name": "basic",
      "provider": "provider[\"registry.terraform.io/terraform-provider-openstack/openstack\"]",
      "instances": [
        {
          "schema_version": 0,
          "attributes": {
            "access_ip_v4": "172.16.1.113",
            "access_ip_v6": "",
            "admin_pass": null,
            "all_metadata": {},
            "all_tags": [],
            "availability_zone": "nova",
            "availability_zone_hints": null,
            "block_device": [],
            "config_drive": null,
            "created": "2025-05-15 09:17:34 +0000 UTC",
            "flavor_id": "2",
            "flavor_name": "m1.small",
            "floating_ip": null,
            "force_delete": false,
            "id": "69cc27e0-e425-403e-a119-81ff3a657c22",
            "image_id": "c44d26ea-4266-4c3f-b7fe-608ef87a6e69",
            "image_name": "ubuntu",
            "key_pair": "testkey2",
            "metadata": null,
            "name": "ubuntu",
            "network": [
              {
                "access_network": false,
                "fixed_ip_v4": "172.16.1.113",
                "fixed_ip_v6": "",
                "floating_ip": "",
                "mac": "fa:16:3e:a4:6a:87",
                "name": "mynet",
                "port": "",
                "uuid": "faaeaff8-849b-49f4-a283-625731b0ca89"
              }
            ],
            "network_mode": null,
            "personality": [],
            "power_state": "active",
            "region": "RegionOne",
            "scheduler_hints": [],
            "security_groups": [
              "web-secgroup"
            ],
            "stop_before_destroy": false,
            "tags": null,
            "timeouts": null,
            "updated": "2025-05-15 09:17:49 +0000 UTC",
            "user_data": "4869f59446aec9a6aa382662637cb396b4bdf5e1",
            "vendor_options": [],
            "volume": []
          },
          "sensitive_attributes": [
            [
              {
                "type": "get_attr",
                "value": "admin_pass"
              }
            ]
          ],
          "private": "eyJlMmJmYjczMC1lY2FhLTExZTYtOGY4OC0zNDM2M2JjN2M0YzAiOnsiY3JlYXRlIjoxODAwMDAwMDAwMDAwLCJkZWxldGUiOjE4MDAwMDAwMDAwMDAsInVwZGF0ZSI6MTgwMDAwMDAwMDAwMH19",
          "dependencies": [
            "openstack_compute_keypair_v2.keypair2",
            "openstack_networking_secgroup_v2.cirros_sg"
          ],
          "create_before_destroy": true
        }
      ]
    },
    {
      "mode": "managed",
      "type": "openstack_compute_keypair_v2",
      "name": "keypair2",
      "provider": "provider[\"registry.terraform.io/terraform-provider-openstack/openstack\"]",
      "instances": [
        {
          "schema_version": 0,
          "attributes": {
            "fingerprint": "a0:2f:ac:81:82:19:c0:b5:65:a0:af:31:05:0f:de:9b",
            "id": "testkey2",
            "name": "testkey2",
            "private_key": "",
            "public_key": "ssh-rsa AAAAB3NzaC1yc2EAAAADAQABAAABgQDh8A37NwNvr5anOJOyO8/UkzGH0YDaPz1Sm4yUVG9SON1RXUJOM3+p6Tj4mBG5fxOpMlyXi4ftoUjSF9kXFauijQ5OzwOb8SxoC1NEy2V6HlT1e9fX2w180BSTecqDVGCzlzQelHp2wZvPWbXxbGQKASQ7klEWtPogAVnX4/hIdRDTDpOMHtxIITpreBfhmXadNpJIZfsFOQoON1xwNYNq23o+bfrdnHg4v2onnDzl9NnhXmXHuKdurijdmByF1vtRHObnH1N+pPUpffayU4euLr6HYASNXwGLzLvE2wcny7mBTo+tTj+cClwu1hfnUs8eeTmanSEM3+lQiYtAaqP99PykLM8IQeiNe4Bo5oiLguvWZpEdd9U2Tm6IasWuy9fNB+Bcwka44JSGV9DXtqZblZ+9ySGJPW0JuToaVehpBVW71e8iwDH+elH889hJ81i9dLYN4PbdEzaCJ90N2Pe8xGiHw3GdafWrbeZydF5P/7ckQHAkXQ0Bh2iOx9GMF9c= root@localhost.localdomain\n",
            "region": "RegionOne",
            "user_id": "",
            "value_specs": null
          },
          "sensitive_attributes": [
            [
              {
                "type": "get_attr",
                "value": "private_key"
              }
            ]
          ],
          "private": "bnVsbA==",
          "create_before_destroy": true
        }
      ]
    },
    {
      "mode": "managed",
      "type": "openstack_networking_floatingip_v2",
      "name": "fip_1",
      "provider": "provider[\"registry.terraform.io/terraform-provider-openstack/openstack\"]",
      "instances": [
        {
          "schema_version": 0,
          "attributes": {
            "address": "211.183.3.64",
            "all_tags": [],
            "description": "",
            "dns_domain": "",
            "dns_name": "",
            "fixed_ip": "",
            "id": "ed0628de-54ea-47d9-8cc4-93b9800688f7",
            "pool": "extnet",
            "port_id": "",
            "region": "RegionOne",
            "subnet_id": null,
            "subnet_ids": null,
            "tags": null,
            "tenant_id": "6c27cfd3326d43b382b5ca11b8f537c7",
            "timeouts": null,
            "value_specs": null
          },
          "sensitive_attributes": [],
          "private": "eyJlMmJmYjczMC1lY2FhLTExZTYtOGY4OC0zNDM2M2JjN2M0YzAiOnsiY3JlYXRlIjo2MDAwMDAwMDAwMDAsImRlbGV0ZSI6NjAwMDAwMDAwMDAwfX0="
        }
      ]
    },
    {
      "mode": "managed",
      "type": "openstack_networking_secgroup_rule_v2",
      "name": "http_rule",
      "provider": "provider[\"registry.terraform.io/terraform-provider-openstack/openstack\"]",
      "instances": [
        {
          "schema_version": 0,
          "attributes": {
            "description": "",
            "direction": "ingress",
            "ethertype": "IPv4",
            "id": "4b7f3ff6-8dcc-4e16-b12b-d594f12c9292",
            "port_range_max": 80,
            "port_range_min": 80,
            "protocol": "tcp",
            "region": "RegionOne",
            "remote_group_id": "",
            "remote_ip_prefix": "0.0.0.0/0",
            "security_group_id": "5aaa8366-9bb7-42c7-b9f0-4bb707e8f928",
            "tenant_id": "6c27cfd3326d43b382b5ca11b8f537c7",
            "timeouts": null
          },
          "sensitive_attributes": [],
          "private": "eyJlMmJmYjczMC1lY2FhLTExZTYtOGY4OC0zNDM2M2JjN2M0YzAiOnsiZGVsZXRlIjo2MDAwMDAwMDAwMDB9fQ==",
          "dependencies": [
            "openstack_networking_secgroup_v2.cirros_sg"
          ]
        }
      ]
    },
    {
      "mode": "managed",
      "type": "openstack_networking_secgroup_rule_v2",
      "name": "icmp_rule",
      "provider": "provider[\"registry.terraform.io/terraform-provider-openstack/openstack\"]",
      "instances": [
        {
          "schema_version": 0,
          "attributes": {
            "description": "",
            "direction": "ingress",
            "ethertype": "IPv4",
            "id": "5f717f60-1990-4618-b542-acc9476884e6",
            "port_range_max": 0,
            "port_range_min": 0,
            "protocol": "icmp",
            "region": "RegionOne",
            "remote_group_id": "",
            "remote_ip_prefix": "",
            "security_group_id": "5aaa8366-9bb7-42c7-b9f0-4bb707e8f928",
            "tenant_id": "6c27cfd3326d43b382b5ca11b8f537c7",
            "timeouts": null
          },
          "sensitive_attributes": [],
          "private": "eyJlMmJmYjczMC1lY2FhLTExZTYtOGY4OC0zNDM2M2JjN2M0YzAiOnsiZGVsZXRlIjo2MDAwMDAwMDAwMDB9fQ==",
          "dependencies": [
            "openstack_networking_secgroup_v2.cirros_sg"
          ]
        }
      ]
    },
    {
      "mode": "managed",
      "type": "openstack_networking_secgroup_rule_v2",
      "name": "ssh_rule",
      "provider": "provider[\"registry.terraform.io/terraform-provider-openstack/openstack\"]",
      "instances": [
        {
          "schema_version": 0,
          "attributes": {
            "description": "",
            "direction": "ingress",
            "ethertype": "IPv4",
            "id": "38753f84-54b1-4708-85bf-66a6258e726a",
            "port_range_max": 22,
            "port_range_min": 22,
            "protocol": "tcp",
            "region": "RegionOne",
            "remote_group_id": "",
            "remote_ip_prefix": "0.0.0.0/0",
            "security_group_id": "5aaa8366-9bb7-42c7-b9f0-4bb707e8f928",
            "tenant_id": "6c27cfd3326d43b382b5ca11b8f537c7",
            "timeouts": null
          },
          "sensitive_attributes": [],
          "private": "eyJlMmJmYjczMC1lY2FhLTExZTYtOGY4OC0zNDM2M2JjN2M0YzAiOnsiZGVsZXRlIjo2MDAwMDAwMDAwMDB9fQ==",
          "dependencies": [
            "openstack_networking_secgroup_v2.cirros_sg"
          ]
        }
      ]
    },
    {
      "mode": "managed",
      "type": "openstack_networking_secgroup_v2",
      "name": "cirros_sg",
      "provider": "provider[\"registry.terraform.io/terraform-provider-openstack/openstack\"]",
      "instances": [
        {
          "schema_version": 0,
          "attributes": {
            "all_tags": [],
            "delete_default_rules": null,
            "description": "Security group for web server allowing ICMP, SSH, and HTTP",
            "id": "5aaa8366-9bb7-42c7-b9f0-4bb707e8f928",
            "name": "web-secgroup",
            "region": "RegionOne",
            "tags": null,
            "tenant_id": "6c27cfd3326d43b382b5ca11b8f537c7",
            "timeouts": null
          },
          "sensitive_attributes": [],
          "private": "eyJlMmJmYjczMC1lY2FhLTExZTYtOGY4OC0zNDM2M2JjN2M0YzAiOnsiZGVsZXRlIjo2MDAwMDAwMDAwMDB9fQ==",
          "create_before_destroy": true
        }
      ]
    }
  ],
  "check_results": null
}
